<?xml version="1.0" encoding="utf-8"?>
<Project ToolsVersion="4.0" xmlns="http://schemas.microsoft.com/developer/msbuild/2003">
  <ItemGroup>
    <Filter Include="Source Files">
      <UniqueIdentifier>{4FC737F1-C7A5-4376-A066-2A32D752A2FF}</UniqueIdentifier>
      <Extensions>cpp;c;cc;cxx;def;odl;idl;hpj;bat;asm;asmx</Extensions>
    </Filter>
    <Filter Include="Header Files">
      <UniqueIdentifier>{93995380-89BD-4b04-88EB-625FBE52EBFB}</UniqueIdentifier>
      <Extensions>h;hpp;hxx;hm;inl;inc;xsd</Extensions>
    </Filter>
    <Filter Include="Resource Files">
      <UniqueIdentifier>{67DA6AB6-F800-4c08-8B7A-83BB121AAD01}</UniqueIdentifier>
      <Extensions>rc;ico;cur;bmp;dlg;rc2;rct;bin;rgs;gif;jpg;jpeg;jpe;resx;tiff;tif;png;wav;mfcribbon-ms</Extensions>
    </Filter>
    <Filter Include="Driver Files">
      <UniqueIdentifier>{8E41214B-6785-4CFE-B992-037D68949A14}</UniqueIdentifier>
      <Extensions>inf;inv;inx;mof;mc;</Extensions>
    </Filter>
    <Filter Include="Driver Files\VT">
      <UniqueIdentifier>{365bae1f-608b-4b17-91eb-2572c201e5ff}</UniqueIdentifier>
    </Filter>
    <Filter Include="Driver Files\VT\Vt_Source">
      <UniqueIdentifier>{d163d5e7-df72-4c6f-a168-04258a3a822e}</UniqueIdentifier>
    </Filter>
    <Filter Include="Driver Files\VT\Vt_Header">
      <UniqueIdentifier>{10b6430a-982c-4c2a-b5e7-7ec5582dcaff}</UniqueIdentifier>
    </Filter>
  </ItemGroup>
  <ItemGroup>
    <ClCompile Include="DriverEntry.c">
      <Filter>Source Files</Filter>
    </ClCompile>
    <ClCompile Include="vt\vt.c">
      <Filter>Driver Files\VT\Vt_Source</Filter>
    </ClCompile>
  </ItemGroup>
  <ItemGroup>
    <ClInclude Include="PublicHeader.h">
      <Filter>Header Files</Filter>
    </ClInclude>
    <ClInclude Include="vt\ia32.h">
      <Filter>Driver Files\VT\Vt_Header</Filter>
    </ClInclude>
    <ClInclude Include="vt\vt.h">
      <Filter>Driver Files\VT\Vt_Header</Filter>
    </ClInclude>
    <ClInclude Include="ExportFunction.h">
      <Filter>Header Files</Filter>
    </ClInclude>
  </ItemGroup>
</Project>