<?xml version="1.0" encoding="utf-8"?>
<Project ToolsVersion="4.0" xmlns="http://schemas.microsoft.com/developer/msbuild/2003">
  <ItemGroup>
    <Filter Include="Source Files">
      <UniqueIdentifier>{4FC737F1-C7A5-4376-A066-2A32D752A2FF}</UniqueIdentifier>
      <Extensions>cpp;c;cc;cxx;def;odl;idl;hpj;bat;asm;asmx</Extensions>
    </Filter>
    <Filter Include="Header Files">
      <UniqueIdentifier>{93995380-89BD-4b04-88EB-625FBE52EBFB}</UniqueIdentifier>
      <Extensions>h;hpp;hxx;hm;inl;inc;xsd</Extensions>
    </Filter>
    <Filter Include="Resource Files">
      <UniqueIdentifier>{67DA6AB6-F800-4c08-8B7A-83BB121AAD01}</UniqueIdentifier>
      <Extensions>rc;ico;cur;bmp;dlg;rc2;rct;bin;rgs;gif;jpg;jpeg;jpe;resx;tiff;tif;png;wav;mfcribbon-ms</Extensions>
    </Filter>
    <Filter Include="Driver Files">
      <UniqueIdentifier>{8E41214B-6785-4CFE-B992-037D68949A14}</UniqueIdentifier>
      <Extensions>inf;inv;inx;mof;mc;</Extensions>
    </Filter>
    <Filter Include="Driver Files\VT">
      <UniqueIdentifier>{365bae1f-608b-4b17-91eb-2572c201e5ff}</UniqueIdentifier>
    </Filter>
    <Filter Include="Driver Files\Tools">
      <UniqueIdentifier>{a3ae259f-9dd7-4188-8c04-3d9e26b5cca7}</UniqueIdentifier>
    </Filter>
    <Filter Include="Driver Files\VT\Hook">
      <UniqueIdentifier>{206b3728-0f3e-4722-b9a4-d64a7fbf3acd}</UniqueIdentifier>
    </Filter>
    <Filter Include="Driver Files\VT\header">
      <UniqueIdentifier>{10b6430a-982c-4c2a-b5e7-7ec5582dcaff}</UniqueIdentifier>
    </Filter>
    <Filter Include="Driver Files\VT\source">
      <UniqueIdentifier>{d163d5e7-df72-4c6f-a168-04258a3a822e}</UniqueIdentifier>
    </Filter>
    <Filter Include="Driver Files\VT\Hook\MsrHook">
      <UniqueIdentifier>{7b3b1e48-1374-4da2-9cdf-a077ee5f3a48}</UniqueIdentifier>
    </Filter>
    <Filter Include="Header Files\include">
      <UniqueIdentifier>{1e2380f7-f258-45a9-bbca-4663d4460b43}</UniqueIdentifier>
    </Filter>
    <Filter Include="Driver Files\Comm">
      <UniqueIdentifier>{cc672638-1ab1-4a1b-8b10-e57ab46a3e46}</UniqueIdentifier>
    </Filter>
    <Filter Include="Driver Files\VT\Hook\FakeKiSyscall64">
      <UniqueIdentifier>{847500c0-0ccc-4284-b57f-47326f6296f9}</UniqueIdentifier>
    </Filter>
    <Filter Include="Driver Files\VT\Hook\HookFunction">
      <UniqueIdentifier>{1e08872a-c0de-4856-863e-828f07881ea2}</UniqueIdentifier>
    </Filter>
  </ItemGroup>
  <ItemGroup>
    <ClCompile Include="vt\vt.c">
      <Filter>Driver Files\VT\source</Filter>
    </ClCompile>
    <ClCompile Include="vt\vt_help.c">
      <Filter>Driver Files\VT\source</Filter>
    </ClCompile>
    <ClCompile Include="vt\vt_exit_handle.c">
      <Filter>Driver Files\VT\source</Filter>
    </ClCompile>
    <ClCompile Include="tools\tools.c">
      <Filter>Driver Files\Tools</Filter>
    </ClCompile>
    <ClCompile Include="main.c">
      <Filter>Source Files</Filter>
    </ClCompile>
    <ClCompile Include="vt\hook\msr_hook.c">
      <Filter>Driver Files\VT\Hook\MsrHook</Filter>
    </ClCompile>
    <ClCompile Include="comm\comm.c">
      <Filter>Driver Files\Comm</Filter>
    </ClCompile>
    <ClCompile Include="vt\hook\hook_function.c">
      <Filter>Driver Files\VT\Hook\HookFunction</Filter>
    </ClCompile>
  </ItemGroup>
  <ItemGroup>
    <ClInclude Include="vt\ia32.h">
      <Filter>Driver Files\VT\header</Filter>
    </ClInclude>
    <ClInclude Include="vt\vt.h">
      <Filter>Driver Files\VT\header</Filter>
    </ClInclude>
    <ClInclude Include="vt\vt_asm.h">
      <Filter>Driver Files\VT\header</Filter>
    </ClInclude>
    <ClInclude Include="vt\vt_help.h">
      <Filter>Driver Files\VT\header</Filter>
    </ClInclude>
    <ClInclude Include="tools\tools.h">
      <Filter>Driver Files\Tools</Filter>
    </ClInclude>
    <ClInclude Include="include\ExportFunction.h">
      <Filter>Header Files\include</Filter>
    </ClInclude>
    <ClInclude Include="vt\hook\msr_hook.h">
      <Filter>Driver Files\VT\Hook\MsrHook</Filter>
    </ClInclude>
    <ClInclude Include="include\public.h">
      <Filter>Header Files\include</Filter>
    </ClInclude>
    <ClInclude Include="comm\comm.h">
      <Filter>Driver Files\Comm</Filter>
    </ClInclude>
    <ClInclude Include="vt\hook\hook_table.h">
      <Filter>Driver Files\VT\Hook</Filter>
    </ClInclude>
    <ClInclude Include="include\ExportStruct.h">
      <Filter>Header Files\include</Filter>
    </ClInclude>
    <ClInclude Include="vt\hook\KiSystemCall64.h">
      <Filter>Driver Files\VT\Hook\FakeKiSyscall64</Filter>
    </ClInclude>
    <ClInclude Include="vt\hook\hook_function.h">
      <Filter>Driver Files\VT\Hook\HookFunction</Filter>
    </ClInclude>
  </ItemGroup>
  <ItemGroup>
    <MASM Include="vt\vt.asm">
      <Filter>Driver Files\VT\source</Filter>
    </MASM>
    <MASM Include="vt\hook\KiSystemCall64.asm">
      <Filter>Driver Files\VT\Hook\FakeKiSyscall64</Filter>
    </MASM>
  </ItemGroup>
</Project>